Microsoft Visual Studio Solution File, Format Version 12.00
# Visual Studio Version 17
VisualStudioVersion = 17.5.2.0
MinimumVisualStudioVersion = 10.0.40219.1
Project("{2150E333-8FDC-42A3-9474-1A3956D46DE8}") = "tests", "tests", "{0AB3BF05-4346-4AA6-1389-037BE0695223}"
EndProject
Project("{2150E333-8FDC-42A3-9474-1A3956D46DE8}") = "fixtures", "fixtures", "{F12727AA-ABEF-07AF-E6F0-CD96E3D9A8AF}"
EndProject
Project("{FAE04EC0-301F-11D3-BF4B-00C04F79EFBC}") = "SampleProject", "tests\fixtures\SampleProject\SampleProject.csproj", "{79815ABC-EFF6-83B2-E073-AA16F9D516E8}"
EndProject
Global
	GlobalSection(SolutionConfigurationPlatforms) = preSolution
		Debug|Any CPU = Debug|Any CPU
		Release|Any CPU = Release|Any CPU
	EndGlobalSection
	GlobalSection(ProjectConfigurationPlatforms) = postSolution
		{79815ABC-EFF6-83B2-E073-AA16F9D516E8}.Debug|Any CPU.ActiveCfg = Debug|Any CPU
		{79815ABC-EFF6-83B2-E073-AA16F9D516E8}.Debug|Any CPU.Build.0 = Debug|Any CPU
		{79815ABC-EFF6-83B2-E073-AA16F9D516E8}.Release|Any CPU.ActiveCfg = Release|Any CPU
		{79815ABC-EFF6-83B2-E073-AA16F9D516E8}.Release|Any CPU.Build.0 = Release|Any CPU
	EndGlobalSection
	GlobalSection(SolutionProperties) = preSolution
		HideSolutionNode = FALSE
	EndGlobalSection
	GlobalSection(NestedProjects) = preSolution
		{F12727AA-ABEF-07AF-E6F0-CD96E3D9A8AF} = {0AB3BF05-4346-4AA6-1389-037BE0695223}
		{79815ABC-EFF6-83B2-E073-AA16F9D516E8} = {F12727AA-ABEF-07AF-E6F0-CD96E3D9A8AF}
	EndGlobalSection
	GlobalSection(ExtensibilityGlobals) = postSolution
		SolutionGuid = {2568F82C-10FC-400C-99CD-6096FF4D34D8}
	EndGlobalSection
EndGlobal
